{
  "name": "petitGascon",
  "lockfileVersion": 2,
  "requires": true,
  "packages": {
    "": {
      "dependencies": {
        "tarteaucitronjs": "^1.9.7"
      }
    },
    "node_modules/tarteaucitronjs": {
      "version": "1.9.7",
      "resolved": "https://registry.npmjs.org/tarteaucitronjs/-/tarteaucitronjs-1.9.7.tgz",
      "integrity": "sha512-HDA+mEx/zKRWX6i3HO/x7XpO10uCrUSLtbkJ1Dc+AB/5yMu9yl4gsoPx25P8OqqZw8YPI3lRC85Sc86SzxMeVw=="
    }
  },
  "dependencies": {
    "tarteaucitronjs": {
      "version": "1.9.7",
      "resolved": "https://registry.npmjs.org/tarteaucitronjs/-/tarteaucitronjs-1.9.7.tgz",
      "integrity": "sha512-HDA+mEx/zKRWX6i3HO/x7XpO10uCrUSLtbkJ1Dc+AB/5yMu9yl4gsoPx25P8OqqZw8YPI3lRC85Sc86SzxMeVw=="
    }
  }
}
